
Microsoft Visual Studio Solution File, Format Version 12.00
# Visual Studio Version 17
VisualStudioVersion = 17.11.35222.181
MinimumVisualStudioVersion = 10.0.40219.1
Project("{888888A0-9F3D-457C-B088-3A5042F75D52}") = "ImportantWhale_FinalProject", "ImportantWhale_FinalProject\ImportantWhale_FinalProject.pyproj", "{C3275097-6440-4FE2-A8E0-FA8E34CFF89B}"
EndProject
Global
	GlobalSection(SolutionConfigurationPlatforms) = preSolution
		Debug|Any CPU = Debug|Any CPU
		Release|Any CPU = Release|Any CPU
	EndGlobalSection
	GlobalSection(ProjectConfigurationPlatforms) = postSolution
		{C3275097-6440-4FE2-A8E0-FA8E34CFF89B}.Debug|Any CPU.ActiveCfg = Debug|Any CPU
		{C3275097-6440-4FE2-A8E0-FA8E34CFF89B}.Release|Any CPU.ActiveCfg = Release|Any CPU
	EndGlobalSection
	GlobalSection(SolutionProperties) = preSolution
		HideSolutionNode = FALSE
	EndGlobalSection
	GlobalSection(ExtensibilityGlobals) = postSolution
		SolutionGuid = {8BDF08AA-E907-4B0D-B41C-57C8843AE8D4}
	EndGlobalSection
EndGlobal
